
Microsoft Visual Studio Solution File, Format Version 12.00
# Visual Studio Version 17
VisualStudioVersion = 17.13.35825.156
MinimumVisualStudioVersion = 10.0.40219.1
Project("{FAE04EC0-301F-11D3-BF4B-00C04F79EFBC}") = "FIIsAnalyzer", "FIIsAnalyzer.csproj", "{59F46CBC-31FE-479A-BAE9-41AA7750D9C3}"
EndProject
Global
	GlobalSection(SolutionConfigurationPlatforms) = preSolution
		Debug|Any CPU = Debug|Any CPU
		Release|Any CPU = Release|Any CPU
	EndGlobalSection
	GlobalSection(ProjectConfigurationPlatforms) = postSolution
		{59F46CBC-31FE-479A-BAE9-41AA7750D9C3}.Debug|Any CPU.ActiveCfg = Debug|Any CPU
		{59F46CBC-31FE-479A-BAE9-41AA7750D9C3}.Debug|Any CPU.Build.0 = Debug|Any CPU
		{59F46CBC-31FE-479A-BAE9-41AA7750D9C3}.Release|Any CPU.ActiveCfg = Release|Any CPU
		{59F46CBC-31FE-479A-BAE9-41AA7750D9C3}.Release|Any CPU.Build.0 = Release|Any CPU
	EndGlobalSection
	GlobalSection(SolutionProperties) = preSolution
		HideSolutionNode = FALSE
	EndGlobalSection
	GlobalSection(ExtensibilityGlobals) = postSolution
		SolutionGuid = {597133E3-4B13-4C05-9739-EC598968C024}
	EndGlobalSection
EndGlobal
